
Microsoft Visual Studio Solution File, Format Version 11.00
# Visual Studio 2010
Project("{FAE04EC0-301F-11D3-BF4B-00C04F79EFBC}") = "GiM_Lab9", "Assembly-CSharp-firstpass.csproj", "{875FC635-AD20-007B-891B-ABF26321DC26}"
EndProject
Project("{FAE04EC0-301F-11D3-BF4B-00C04F79EFBC}") = "GiM_Lab9", "Assembly-CSharp.csproj", "{30B93134-8D1C-0ACD-9FE9-45E3A381AD87}"
EndProject
Project("{FAE04EC0-301F-11D3-BF4B-00C04F79EFBC}") = "GiM_Lab9", "Assembly-CSharp-Editor-firstpass.csproj", "{985F8F8E-FC27-C80B-071C-D2709823D297}"
EndProject
Global
	GlobalSection(SolutionConfigurationPlatforms) = preSolution
		Debug|Any CPU = Debug|Any CPU
		Release|Any CPU = Release|Any CPU
	EndGlobalSection
	GlobalSection(ProjectConfigurationPlatforms) = postSolution
		{875FC635-AD20-007B-891B-ABF26321DC26}.Debug|Any CPU.ActiveCfg = Debug|Any CPU
		{875FC635-AD20-007B-891B-ABF26321DC26}.Debug|Any CPU.Build.0 = Debug|Any CPU
		{875FC635-AD20-007B-891B-ABF26321DC26}.Release|Any CPU.ActiveCfg = Release|Any CPU
		{875FC635-AD20-007B-891B-ABF26321DC26}.Release|Any CPU.Build.0 = Release|Any CPU
		{30B93134-8D1C-0ACD-9FE9-45E3A381AD87}.Debug|Any CPU.ActiveCfg = Debug|Any CPU
		{30B93134-8D1C-0ACD-9FE9-45E3A381AD87}.Debug|Any CPU.Build.0 = Debug|Any CPU
		{30B93134-8D1C-0ACD-9FE9-45E3A381AD87}.Release|Any CPU.ActiveCfg = Release|Any CPU
		{30B93134-8D1C-0ACD-9FE9-45E3A381AD87}.Release|Any CPU.Build.0 = Release|Any CPU
		{985F8F8E-FC27-C80B-071C-D2709823D297}.Debug|Any CPU.ActiveCfg = Debug|Any CPU
		{985F8F8E-FC27-C80B-071C-D2709823D297}.Debug|Any CPU.Build.0 = Debug|Any CPU
		{985F8F8E-FC27-C80B-071C-D2709823D297}.Release|Any CPU.ActiveCfg = Release|Any CPU
		{985F8F8E-FC27-C80B-071C-D2709823D297}.Release|Any CPU.Build.0 = Release|Any CPU
	EndGlobalSection
	GlobalSection(SolutionProperties) = preSolution
		HideSolutionNode = FALSE
	EndGlobalSection
	GlobalSection(MonoDevelopProperties) = preSolution
		StartupItem = Assembly-CSharp.csproj
	EndGlobalSection
EndGlobal
